
Microsoft Visual Studio Solution File, Format Version 12.00
# Visual Studio 2013
VisualStudioVersion = 12.0.31101.0
MinimumVisualStudioVersion = 10.0.40219.1
Project("{FAE04EC0-301F-11D3-BF4B-00C04F79EFBC}") = "Infestation.Engine", "Infestation.Engine\Infestation.Engine.csproj", "{0E111AF5-B0DF-4C81-B0A7-4781A2997A74}"
EndProject
Project("{FAE04EC0-301F-11D3-BF4B-00C04F79EFBC}") = "Infestation.VirtualParadise", "Infestation.VirtualParadise\Infestation.VirtualParadise.csproj", "{4079D02B-BF88-402A-A6BE-6FCB159542E2}"
EndProject
Global
	GlobalSection(SolutionConfigurationPlatforms) = preSolution
		Debug|Any CPU = Debug|Any CPU
		Release|Any CPU = Release|Any CPU
	EndGlobalSection
	GlobalSection(ProjectConfigurationPlatforms) = postSolution
		{0E111AF5-B0DF-4C81-B0A7-4781A2997A74}.Debug|Any CPU.ActiveCfg = Debug|Any CPU
		{0E111AF5-B0DF-4C81-B0A7-4781A2997A74}.Debug|Any CPU.Build.0 = Debug|Any CPU
		{0E111AF5-B0DF-4C81-B0A7-4781A2997A74}.Release|Any CPU.ActiveCfg = Release|Any CPU
		{0E111AF5-B0DF-4C81-B0A7-4781A2997A74}.Release|Any CPU.Build.0 = Release|Any CPU
		{4079D02B-BF88-402A-A6BE-6FCB159542E2}.Debug|Any CPU.ActiveCfg = Debug|Any CPU
		{4079D02B-BF88-402A-A6BE-6FCB159542E2}.Debug|Any CPU.Build.0 = Debug|Any CPU
		{4079D02B-BF88-402A-A6BE-6FCB159542E2}.Release|Any CPU.ActiveCfg = Release|Any CPU
		{4079D02B-BF88-402A-A6BE-6FCB159542E2}.Release|Any CPU.Build.0 = Release|Any CPU
	EndGlobalSection
	GlobalSection(SolutionProperties) = preSolution
		HideSolutionNode = FALSE
	EndGlobalSection
EndGlobal
